
Microsoft Visual Studio Solution File, Format Version 12.00
# Visual Studio 14
VisualStudioVersion = 14.0.25420.1
MinimumVisualStudioVersion = 10.0.40219.1
Project("{FAE04EC0-301F-11D3-BF4B-00C04F79EFBC}") = "HeartBeatTactic", "HeartBeatTactic\HeartBeatTactic.csproj", "{032E1199-C728-408A-96A7-D83BA15298FA}"
EndProject
Project("{FAE04EC0-301F-11D3-BF4B-00C04F79EFBC}") = "CarServer", "CarServer\CarServer.csproj", "{83EDC04A-C1BF-41F1-92E3-21220165E394}"
EndProject
Project("{FAE04EC0-301F-11D3-BF4B-00C04F79EFBC}") = "CarApp", "CarApp\CarApp.csproj", "{B5BEF16A-BA52-4977-9BB9-9CAFA7DD17C3}"
EndProject
Global
	GlobalSection(SolutionConfigurationPlatforms) = preSolution
		Debug|Any CPU = Debug|Any CPU
		Release|Any CPU = Release|Any CPU
	EndGlobalSection
	GlobalSection(ProjectConfigurationPlatforms) = postSolution
		{032E1199-C728-408A-96A7-D83BA15298FA}.Debug|Any CPU.ActiveCfg = Debug|Any CPU
		{032E1199-C728-408A-96A7-D83BA15298FA}.Debug|Any CPU.Build.0 = Debug|Any CPU
		{032E1199-C728-408A-96A7-D83BA15298FA}.Release|Any CPU.ActiveCfg = Release|Any CPU
		{032E1199-C728-408A-96A7-D83BA15298FA}.Release|Any CPU.Build.0 = Release|Any CPU
		{83EDC04A-C1BF-41F1-92E3-21220165E394}.Debug|Any CPU.ActiveCfg = Debug|Any CPU
		{83EDC04A-C1BF-41F1-92E3-21220165E394}.Debug|Any CPU.Build.0 = Debug|Any CPU
		{83EDC04A-C1BF-41F1-92E3-21220165E394}.Release|Any CPU.ActiveCfg = Release|Any CPU
		{83EDC04A-C1BF-41F1-92E3-21220165E394}.Release|Any CPU.Build.0 = Release|Any CPU
		{B5BEF16A-BA52-4977-9BB9-9CAFA7DD17C3}.Debug|Any CPU.ActiveCfg = Debug|Any CPU
		{B5BEF16A-BA52-4977-9BB9-9CAFA7DD17C3}.Debug|Any CPU.Build.0 = Debug|Any CPU
		{B5BEF16A-BA52-4977-9BB9-9CAFA7DD17C3}.Release|Any CPU.ActiveCfg = Release|Any CPU
		{B5BEF16A-BA52-4977-9BB9-9CAFA7DD17C3}.Release|Any CPU.Build.0 = Release|Any CPU
	EndGlobalSection
	GlobalSection(SolutionProperties) = preSolution
		HideSolutionNode = FALSE
	EndGlobalSection
EndGlobal
